
Microsoft Visual Studio Solution File, Format Version 12.00
# Visual Studio Version 17
VisualStudioVersion = 17.10.35004.147
MinimumVisualStudioVersion = 10.0.40219.1
Project("{FAE04EC0-301F-11D3-BF4B-00C04F79EFBC}") = "API_SOAP", "API_SOAP\API_SOAP.csproj", "{E03C9462-1BAE-4970-9E2A-5189D6E881BF}"
EndProject
Global
	GlobalSection(SolutionConfigurationPlatforms) = preSolution
		Debug|Any CPU = Debug|Any CPU
		Release|Any CPU = Release|Any CPU
	EndGlobalSection
	GlobalSection(ProjectConfigurationPlatforms) = postSolution
		{E03C9462-1BAE-4970-9E2A-5189D6E881BF}.Debug|Any CPU.ActiveCfg = Debug|Any CPU
		{E03C9462-1BAE-4970-9E2A-5189D6E881BF}.Debug|Any CPU.Build.0 = Debug|Any CPU
		{E03C9462-1BAE-4970-9E2A-5189D6E881BF}.Release|Any CPU.ActiveCfg = Release|Any CPU
		{E03C9462-1BAE-4970-9E2A-5189D6E881BF}.Release|Any CPU.Build.0 = Release|Any CPU
	EndGlobalSection
	GlobalSection(SolutionProperties) = preSolution
		HideSolutionNode = FALSE
	EndGlobalSection
	GlobalSection(ExtensibilityGlobals) = postSolution
		SolutionGuid = {328D2CBB-89F2-4500-837C-778BD2316378}
	EndGlobalSection
EndGlobal
